// !$*UTF8*$!
{
	archiveVersion = 1;
	classes = {
	};
	objectVersion = 46;
	objects = {

/* Begin PBXBuildFile section */
		1D9452641D29B2F100CB3FBF /* AppDelegate.swift in Sources */ = {isa = PBXBuildFile; fileRef = 1D9452631D29B2F100CB3FBF /* AppDelegate.swift */; };
		1D9452661D29B2F100CB3FBF /* ViewController.swift in Sources */ = {isa = PBXBuildFile; fileRef = 1D9452651D29B2F100CB3FBF /* ViewController.swift */; };
		1D9452691D29B2F100CB3FBF /* Main.storyboard in Resources */ = {isa = PBXBuildFile; fileRef = 1D9452671D29B2F100CB3FBF /* Main.storyboard */; };
		1D94526C1D29B2F100CB3FBF /* Posts.xcdatamodeld in Sources */ = {isa = PBXBuildFile; fileRef = 1D94526A1D29B2F100CB3FBF /* Posts.xcdatamodeld */; };
		1D94526E1D29B2F100CB3FBF /* Assets.xcassets in Resources */ = {isa = PBXBuildFile; fileRef = 1D94526D1D29B2F100CB3FBF /* Assets.xcassets */; };
		1D9452711D29B2F100CB3FBF /* LaunchScreen.storyboard in Resources */ = {isa = PBXBuildFile; fileRef = 1D94526F1D29B2F100CB3FBF /* LaunchScreen.storyboard */; };
		1D9452791D29B30400CB3FBF /* MyViewController.swift in Sources */ = {isa = PBXBuildFile; fileRef = 1D9452781D29B30400CB3FBF /* MyViewController.swift */; };
		1D94527B1D29B31600CB3FBF /* Post.swift in Sources */ = {isa = PBXBuildFile; fileRef = 1D94527A1D29B31600CB3FBF /* Post.swift */; };
/* End PBXBuildFile section */

/* Begin PBXFileReference section */
		1D9452601D29B2F100CB3FBF /* Posts.app */ = {isa = PBXFileReference; explicitFileType = wrapper.application; includeInIndex = 0; path = Posts.app; sourceTree = BUILT_PRODUCTS_DIR; };
		1D9452631D29B2F100CB3FBF /* AppDelegate.swift */ = {isa = PBXFileReference; lastKnownFileType = sourcecode.swift; path = AppDelegate.swift; sourceTree = "<group>"; };
		1D9452651D29B2F100CB3FBF /* ViewController.swift */ = {isa = PBXFileReference; lastKnownFileType = sourcecode.swift; path = ViewController.swift; sourceTree = "<group>"; };
		1D9452681D29B2F100CB3FBF /* Base */ = {isa = PBXFileReference; lastKnownFileType = file.storyboard; name = Base; path = Base.lproj/Main.storyboard; sourceTree = "<group>"; };
		1D94526B1D29B2F100CB3FBF /* Posts.xcdatamodel */ = {isa = PBXFileReference; lastKnownFileType = wrapper.xcdatamodel; path = Posts.xcdatamodel; sourceTree = "<group>"; };
		1D94526D1D29B2F100CB3FBF /* Assets.xcassets */ = {isa = PBXFileReference; lastKnownFileType = folder.assetcatalog; path = Assets.xcassets; sourceTree = "<group>"; };
		1D9452701D29B2F100CB3FBF /* Base */ = {isa = PBXFileReference; lastKnownFileType = file.storyboard; name = Base; path = Base.lproj/LaunchScreen.storyboard; sourceTree = "<group>"; };
		1D9452721D29B2F100CB3FBF /* Info.plist */ = {isa = PBXFileReference; lastKnownFileType = text.plist.xml; path = Info.plist; sourceTree = "<group>"; };
		1D9452781D29B30400CB3FBF /* MyViewController.swift */ = {isa = PBXFileReference; fileEncoding = 4; lastKnownFileType = sourcecode.swift; path = MyViewController.swift; sourceTree = "<group>"; };
		1D94527A1D29B31600CB3FBF /* Post.swift */ = {isa = PBXFileReference; fileEncoding = 4; lastKnownFileType = sourcecode.swift; path = Post.swift; sourceTree = "<group>"; };
/* End PBXFileReference section */

/* Begin PBXFrameworksBuildPhase section */
		1D94525D1D29B2F100CB3FBF /* Frameworks */ = {
			isa = PBXFrameworksBuildPhase;
			buildActionMask = 2147483647;
			files = (
			);
			runOnlyForDeploymentPostprocessing = 0;
		};
/* End PBXFrameworksBuildPhase section */

/* Begin PBXGroup section */
		1D9452571D29B2F100CB3FBF = {
			isa = PBXGroup;
			children = (
				1D9452621D29B2F100CB3FBF /* Posts */,
				1D9452611D29B2F100CB3FBF /* Products */,
			);
			sourceTree = "<group>";
		};
		1D9452611D29B2F100CB3FBF /* Products */ = {
			isa = PBXGroup;
			children = (
				1D9452601D29B2F100CB3FBF /* Posts.app */,
			);
			name = Products;
			sourceTree = "<group>";
		};
		1D9452621D29B2F100CB3FBF /* Posts */ = {
			isa = PBXGroup;
			children = (
				1D9452631D29B2F100CB3FBF /* AppDelegate.swift */,
				1D9452651D29B2F100CB3FBF /* ViewController.swift */,
				1D9452671D29B2F100CB3FBF /* Main.storyboard */,
				1D9452781D29B30400CB3FBF /* MyViewController.swift */,
				1D94527A1D29B31600CB3FBF /* Post.swift */,
				1D94526D1D29B2F100CB3FBF /* Assets.xcassets */,
				1D94526F1D29B2F100CB3FBF /* LaunchScreen.storyboard */,
				1D9452721D29B2F100CB3FBF /* Info.plist */,
				1D94526A1D29B2F100CB3FBF /* Posts.xcdatamodeld */,
			);
			path = Posts;
			sourceTree = "<group>";
		};
/* End PBXGroup section */

/* Begin PBXNativeTarget section */
		1D94525F1D29B2F100CB3FBF /* Posts */ = {
			isa = PBXNativeTarget;
			buildConfigurationList = 1D9452751D29B2F100CB3FBF /* Build configuration list for PBXNativeTarget "Posts" */;
			buildPhases = (
				1D94525C1D29B2F100CB3FBF /* Sources */,
				1D94525D1D29B2F100CB3FBF /* Frameworks */,
				1D94525E1D29B2F100CB3FBF /* Resources */,
			);
			buildRules = (
			);
			dependencies = (
			);
			name = Posts;
			productName = Posts;
			productReference = 1D9452601D29B2F100CB3FBF /* Posts.app */;
			productType = "com.apple.product-type.application";
		};
/* End PBXNativeTarget section */

/* Begin PBXProject section */
		1D9452581D29B2F100CB3FBF /* Project object */ = {
			isa = PBXProject;
			attributes = {
				LastSwiftUpdateCheck = 0730;
				LastUpgradeCheck = 0730;
				ORGANIZATIONNAME = "Tobias Gozzi";
				TargetAttributes = {
					1D94525F1D29B2F100CB3FBF = {
						CreatedOnToolsVersion = 7.3;
					};
				};
			};
			buildConfigurationList = 1D94525B1D29B2F100CB3FBF /* Build configuration list for PBXProject "Posts" */;
			compatibilityVersion = "Xcode 3.2";
			developmentRegion = English;
			hasScannedForEncodings = 0;
			knownRegions = (
				en,
				Base,
			);
			mainGroup = 1D9452571D29B2F100CB3FBF;
			productRefGroup = 1D9452611D29B2F100CB3FBF /* Products */;
			projectDirPath = "";
			projectRoot = "";
			targets = (
				1D94525F1D29B2F100CB3FBF /* Posts */,
			);
		};
/* End PBXProject section */

/* Begin PBXResourcesBuildPhase section */
		1D94525E1D29B2F100CB3FBF /* Resources */ = {
			isa = PBXResourcesBuildPhase;
			buildActionMask = 2147483647;
			files = (
				1D9452711D29B2F100CB3FBF /* LaunchScreen.storyboard in Resources */,
				1D94526E1D29B2F100CB3FBF /* Assets.xcassets in Resources */,
				1D9452691D29B2F100CB3FBF /* Main.storyboard in Resources */,
			);
			runOnlyForDeploymentPostprocessing = 0;
		};
/* End PBXResourcesBuildPhase section */

/* Begin PBXSourcesBuildPhase section */
		1D94525C1D29B2F100CB3FBF /* Sources */ = {
			isa = PBXSourcesBuildPhase;
			buildActionMask = 2147483647;
			files = (
				1D94526C1D29B2F100CB3FBF /* Posts.xcdatamodeld in Sources */,
				1D9452661D29B2F100CB3FBF /* ViewController.swift in Sources */,
				1D9452791D29B30400CB3FBF /* MyViewController.swift in Sources */,
				1D9452641D29B2F100CB3FBF /* AppDelegate.swift in Sources */,
				1D94527B1D29B31600CB3FBF /* Post.swift in Sources */,
			);
			runOnlyForDeploymentPostprocessing = 0;
		};
/* End PBXSourcesBuildPhase section */

/* Begin PBXVariantGroup section */
		1D9452671D29B2F100CB3FBF /* Main.storyboard */ = {
			isa = PBXVariantGroup;
			children = (
				1D9452681D29B2F100CB3FBF /* Base */,
			);
			name = Main.storyboard;
			sourceTree = "<group>";
		};
		1D94526F1D29B2F100CB3FBF /* LaunchScreen.storyboard */ = {
			isa = PBXVariantGroup;
			children = (
				1D9452701D29B2F100CB3FBF /* Base */,
			);
			name = LaunchScreen.storyboard;
			sourceTree = "<group>";
		};
/* End PBXVariantGroup section */

/* Begin XCBuildConfiguration section */
		1D9452731D29B2F100CB3FBF /* Debug */ = {
			isa = XCBuildConfiguration;
			buildSettings = {
				ALWAYS_SEARCH_USER_PATHS = NO;
				CLANG_ANALYZER_NONNULL = YES;
				CLANG_CXX_LANGUAGE_STANDARD = "gnu++0x";
				CLANG_CXX_LIBRARY = "libc++";
				CLANG_ENABLE_MODULES = YES;
				CLANG_ENABLE_OBJC_ARC = YES;
				CLANG_WARN_BOOL_CONVERSION = YES;
				CLANG_WARN_CONSTANT_CONVERSION = YES;
				CLANG_WARN_DIRECT_OBJC_ISA_USAGE = YES_ERROR;
				CLANG_WARN_EMPTY_BODY = YES;
				CLANG_WARN_ENUM_CONVERSION = YES;
				CLANG_WARN_INT_CONVERSION = YES;
				CLANG_WARN_OBJC_ROOT_CLASS = YES_ERROR;
				CLANG_WARN_UNREACHABLE_CODE = YES;
				CLANG_WARN__DUPLICATE_METHOD_MATCH = YES;
				"CODE_SIGN_IDENTITY[sdk=iphoneos*]" = "iPhone Developer";
				COPY_PHASE_STRIP = NO;
				DEBUG_INFORMATION_FORMAT = dwarf;
				ENABLE_STRICT_OBJC_MSGSEND = YES;
				ENABLE_TESTABILITY = YES;
				GCC_C_LANGUAGE_STANDARD = gnu99;
				GCC_DYNAMIC_NO_PIC = NO;
				GCC_NO_COMMON_BLOCKS = YES;
				GCC_OPTIMIZATION_LEVEL = 0;
				GCC_PREPROCESSOR_DEFINITIONS = (
					"DEBUG=1",
					"$(inherited)",
				);
				GCC_WARN_64_TO_32_BIT_CONVERSION = YES;
				GCC_WARN_ABOUT_RETURN_TYPE = YES_ERROR;
				GCC_WARN_UNDECLARED_SELECTOR = YES;
				GCC_WARN_UNINITIALIZED_AUTOS = YES_AGGRESSIVE;
				GCC_WARN_UNUSED_FUNCTION = YES;
				GCC_WARN_UNUSED_VARIABLE = YES;
				IPHONEOS_DEPLOYMENT_TARGET = 9.3;
				MTL_ENABLE_DEBUG_INFO = YES;
				ONLY_ACTIVE_ARCH = YES;
				SDKROOT = iphoneos;
				SWIFT_OPTIMIZATION_LEVEL = "-Onone";
				TARGETED_DEVICE_FAMILY = "1,2";
			};
			name = Debug;
		};
		1D9452741D29B2F100CB3FBF /* Release */ = {
			isa = XCBuildConfiguration;
			buildSettings = {
				ALWAYS_SEARCH_USER_PATHS = NO;
				CLANG_ANALYZER_NONNULL = YES;
				CLANG_CXX_LANGUAGE_STANDARD = "gnu++0x";
				CLANG_CXX_LIBRARY = "libc++";
				CLANG_ENABLE_MODULES = YES;
				CLANG_ENABLE_OBJC_ARC = YES;
				CLANG_WARN_BOOL_CONVERSION = YES;
				CLANG_WARN_CONSTANT_CONVERSION = YES;
				CLANG_WARN_DIRECT_OBJC_ISA_USAGE = YES_ERROR;
				CLANG_WARN_EMPTY_BODY = YES;
				CLANG_WARN_ENUM_CONVERSION = YES;
				CLANG_WARN_INT_CONVERSION = YES;
				CLANG_WARN_OBJC_ROOT_CLASS = YES_ERROR;
				CLANG_WARN_UNREACHABLE_CODE = YES;
				CLANG_WARN__DUPLICATE_METHOD_MATCH = YES;
				"CODE_SIGN_IDENTITY[sdk=iphoneos*]" = "iPhone Developer";
				COPY_PHASE_STRIP = NO;
				DEBUG_INFORMATION_FORMAT = "dwarf-with-dsym";
				ENABLE_NS_ASSERTIONS = NO;
				ENABLE_STRICT_OBJC_MSGSEND = YES;
				GCC_C_LANGUAGE_STANDARD = gnu99;
				GCC_NO_COMMON_BLOCKS = YES;
				GCC_WARN_64_TO_32_BIT_CONVERSION = YES;
				GCC_WARN_ABOUT_RETURN_TYPE = YES_ERROR;
				GCC_WARN_UNDECLARED_SELECTOR = YES;
				GCC_WARN_UNINITIALIZED_AUTOS = YES_AGGRESSIVE;
				GCC_WARN_UNUSED_FUNCTION = YES;
				GCC_WARN_UNUSED_VARIABLE = YES;
				IPHONEOS_DEPLOYMENT_TARGET = 9.3;
				MTL_ENABLE_DEBUG_INFO = NO;
				SDKROOT = iphoneos;
				TARGETED_DEVICE_FAMILY = "1,2";
				VALIDATE_PRODUCT = YES;
			};
			name = Release;
		};
		1D9452761D29B2F100CB3FBF /* Debug */ = {
			isa = XCBuildConfiguration;
			buildSettings = {
				ASSETCATALOG_COMPILER_APPICON_NAME = AppIcon;
				INFOPLIST_FILE = Posts/Info.plist;
				LD_RUNPATH_SEARCH_PATHS = "$(inherited) @executable_path/Frameworks";
				PRODUCT_BUNDLE_IDENTIFIER = com.tobiasgozzi.Posts;
				PRODUCT_NAME = "$(TARGET_NAME)";
			};
			name = Debug;
		};
		1D9452771D29B2F100CB3FBF /* Release */ = {
			isa = XCBuildConfiguration;
			buildSettings = {
				ASSETCATALOG_COMPILER_APPICON_NAME = AppIcon;
				INFOPLIST_FILE = Posts/Info.plist;
				LD_RUNPATH_SEARCH_PATHS = "$(inherited) @executable_path/Frameworks";
				PRODUCT_BUNDLE_IDENTIFIER = com.tobiasgozzi.Posts;
				PRODUCT_NAME = "$(TARGET_NAME)";
			};
			name = Release;
		};
/* End XCBuildConfiguration section */

/* Begin XCConfigurationList section */
		1D94525B1D29B2F100CB3FBF /* Build configuration list for PBXProject "Posts" */ = {
			isa = XCConfigurationList;
			buildConfigurations = (
				1D9452731D29B2F100CB3FBF /* Debug */,
				1D9452741D29B2F100CB3FBF /* Release */,
			);
			defaultConfigurationIsVisible = 0;
			defaultConfigurationName = Release;
		};
		1D9452751D29B2F100CB3FBF /* Build configuration list for PBXNativeTarget "Posts" */ = {
			isa = XCConfigurationList;
			buildConfigurations = (
				1D9452761D29B2F100CB3FBF /* Debug */,
				1D9452771D29B2F100CB3FBF /* Release */,
			);
			defaultConfigurationIsVisible = 0;
		};
/* End XCConfigurationList section */

/* Begin XCVersionGroup section */
		1D94526A1D29B2F100CB3FBF /* Posts.xcdatamodeld */ = {
			isa = XCVersionGroup;
			children = (
				1D94526B1D29B2F100CB3FBF /* Posts.xcdatamodel */,
			);
			currentVersion = 1D94526B1D29B2F100CB3FBF /* Posts.xcdatamodel */;
			path = Posts.xcdatamodeld;
			sourceTree = "<group>";
			versionGroupType = wrapper.xcdatamodel;
		};
/* End XCVersionGroup section */
	};
	rootObject = 1D9452581D29B2F100CB3FBF /* Project object */;
}
